
Microsoft Visual Studio Solution File, Format Version 12.00
# Visual Studio Version 17
VisualStudioVersion = 17.2.32616.157
MinimumVisualStudioVersion = 10.0.40219.1
Project("{FAE04EC0-301F-11D3-BF4B-00C04F79EFBC}") = "SKYPE REVIVAL", "SKYPE REVIVAL\SKYPE REVIVAL.csproj", "{E13278D5-87CB-4583-B20B-8054F71856FE}"
EndProject
Global
	GlobalSection(SolutionConfigurationPlatforms) = preSolution
		Debug|Any CPU = Debug|Any CPU
		Release|Any CPU = Release|Any CPU
	EndGlobalSection
	GlobalSection(ProjectConfigurationPlatforms) = postSolution
		{E13278D5-87CB-4583-B20B-8054F71856FE}.Debug|Any CPU.ActiveCfg = Debug|Any CPU
		{E13278D5-87CB-4583-B20B-8054F71856FE}.Debug|Any CPU.Build.0 = Debug|Any CPU
		{E13278D5-87CB-4583-B20B-8054F71856FE}.Release|Any CPU.ActiveCfg = Release|Any CPU
		{E13278D5-87CB-4583-B20B-8054F71856FE}.Release|Any CPU.Build.0 = Release|Any CPU
	EndGlobalSection
	GlobalSection(SolutionProperties) = preSolution
		HideSolutionNode = FALSE
	EndGlobalSection
	GlobalSection(ExtensibilityGlobals) = postSolution
		SolutionGuid = {0D88C4F2-D922-4286-8EF0-AD57EFB9A1D6}
	EndGlobalSection
EndGlobal
